// !$*UTF8*$!
{
	archiveVersion = 1;
	classes = {
	};
	objectVersion = 56;
	objects = {

/* Begin PBXBuildFile section */
		6FF878F62ACD5BC000D26ED8 /* timerApp.swift in Sources */ = {isa = PBXBuildFile; fileRef = 6FF878F52ACD5BC000D26ED8 /* timerApp.swift */; };
		6FF878F82ACD5BC000D26ED8 /* TimerView.swift in Sources */ = {isa = PBXBuildFile; fileRef = 6FF878F72ACD5BC000D26ED8 /* TimerView.swift */; };
		6FF878FA2ACD5BC100D26ED8 /* Assets.xcassets in Resources */ = {isa = PBXBuildFile; fileRef = 6FF878F92ACD5BC100D26ED8 /* Assets.xcassets */; };
		6FF878FD2ACD5BC100D26ED8 /* Preview Assets.xcassets in Resources */ = {isa = PBXBuildFile; fileRef = 6FF878FC2ACD5BC100D26ED8 /* Preview Assets.xcassets */; };
		6FF879062ACD84D300D26ED8 /* GoogleService-Info.plist in Resources */ = {isa = PBXBuildFile; fileRef = 6FF879052ACD84D300D26ED8 /* GoogleService-Info.plist */; };
		6FF879092ACD851D00D26ED8 /* FirebaseAuth in Frameworks */ = {isa = PBXBuildFile; productRef = 6FF879082ACD851D00D26ED8 /* FirebaseAuth */; };
		6FF8790B2ACD851D00D26ED8 /* FirebaseDatabase in Frameworks */ = {isa = PBXBuildFile; productRef = 6FF8790A2ACD851D00D26ED8 /* FirebaseDatabase */; };
		6FF8790D2ACD851D00D26ED8 /* FirebaseDatabaseSwift in Frameworks */ = {isa = PBXBuildFile; productRef = 6FF8790C2ACD851D00D26ED8 /* FirebaseDatabaseSwift */; };
		6FF8790F2ACD851D00D26ED8 /* FirebaseFirestore in Frameworks */ = {isa = PBXBuildFile; productRef = 6FF8790E2ACD851D00D26ED8 /* FirebaseFirestore */; };
		6FF879112ACD851D00D26ED8 /* FirebaseFirestoreSwift in Frameworks */ = {isa = PBXBuildFile; productRef = 6FF879102ACD851D00D26ED8 /* FirebaseFirestoreSwift */; };
		6FF879132ACD851D00D26ED8 /* FirebaseStorage in Frameworks */ = {isa = PBXBuildFile; productRef = 6FF879122ACD851D00D26ED8 /* FirebaseStorage */; };
		6FF8791A2ACD865E00D26ED8 /* AuthViewModel.swift in Sources */ = {isa = PBXBuildFile; fileRef = 6FF879162ACD865E00D26ED8 /* AuthViewModel.swift */; };
		6FF8791B2ACD865E00D26ED8 /* RegistrationView.swift in Sources */ = {isa = PBXBuildFile; fileRef = 6FF879182ACD865E00D26ED8 /* RegistrationView.swift */; };
		6FF8791C2ACD865E00D26ED8 /* LoginView.swift in Sources */ = {isa = PBXBuildFile; fileRef = 6FF879192ACD865E00D26ED8 /* LoginView.swift */; };
		6FF8791E2ACD86AF00D26ED8 /* ContentView.swift in Sources */ = {isa = PBXBuildFile; fileRef = 6FF8791D2ACD86AF00D26ED8 /* ContentView.swift */; };
		6FF879202ACD8B1300D26ED8 /* HomeScreenView.swift in Sources */ = {isa = PBXBuildFile; fileRef = 6FF8791F2ACD8B1300D26ED8 /* HomeScreenView.swift */; };
		6FF879222ACD8B9700D26ED8 /* GroupsView.swift in Sources */ = {isa = PBXBuildFile; fileRef = 6FF879212ACD8B9700D26ED8 /* GroupsView.swift */; };
		6FF879252ACD98CC00D26ED8 /* UsersModel.swift in Sources */ = {isa = PBXBuildFile; fileRef = 6FF879242ACD98CC00D26ED8 /* UsersModel.swift */; };
		6FF879272ACDC7B700D26ED8 /* GroupTimer.swift in Sources */ = {isa = PBXBuildFile; fileRef = 6FF879262ACDC7B700D26ED8 /* GroupTimer.swift */; };
		6FF879292ACEB0C600D26ED8 /* AddNewGroup.swift in Sources */ = {isa = PBXBuildFile; fileRef = 6FF879282ACEB0C600D26ED8 /* AddNewGroup.swift */; };
		6FF8792B2ACFB6E000D26ED8 /* LeaderboardView.swift in Sources */ = {isa = PBXBuildFile; fileRef = 6FF8792A2ACFB6E000D26ED8 /* LeaderboardView.swift */; };
		6FF8792D2ACFC7B200D26ED8 /* ExpertView.swift in Sources */ = {isa = PBXBuildFile; fileRef = 6FF8792C2ACFC7B200D26ED8 /* ExpertView.swift */; };
/* End PBXBuildFile section */

/* Begin PBXFileReference section */
		6FF878F22ACD5BC000D26ED8 /* timer.app */ = {isa = PBXFileReference; explicitFileType = wrapper.application; includeInIndex = 0; path = timer.app; sourceTree = BUILT_PRODUCTS_DIR; };
		6FF878F52ACD5BC000D26ED8 /* timerApp.swift */ = {isa = PBXFileReference; lastKnownFileType = sourcecode.swift; path = timerApp.swift; sourceTree = "<group>"; };
		6FF878F72ACD5BC000D26ED8 /* TimerView.swift */ = {isa = PBXFileReference; lastKnownFileType = sourcecode.swift; path = TimerView.swift; sourceTree = "<group>"; };
		6FF878F92ACD5BC100D26ED8 /* Assets.xcassets */ = {isa = PBXFileReference; lastKnownFileType = folder.assetcatalog; path = Assets.xcassets; sourceTree = "<group>"; };
		6FF878FC2ACD5BC100D26ED8 /* Preview Assets.xcassets */ = {isa = PBXFileReference; lastKnownFileType = folder.assetcatalog; path = "Preview Assets.xcassets"; sourceTree = "<group>"; };
		6FF879052ACD84D300D26ED8 /* GoogleService-Info.plist */ = {isa = PBXFileReference; fileEncoding = 4; lastKnownFileType = text.plist.xml; path = "GoogleService-Info.plist"; sourceTree = "<group>"; };
		6FF879162ACD865E00D26ED8 /* AuthViewModel.swift */ = {isa = PBXFileReference; fileEncoding = 4; lastKnownFileType = sourcecode.swift; path = AuthViewModel.swift; sourceTree = "<group>"; };
		6FF879182ACD865E00D26ED8 /* RegistrationView.swift */ = {isa = PBXFileReference; fileEncoding = 4; lastKnownFileType = sourcecode.swift; path = RegistrationView.swift; sourceTree = "<group>"; };
		6FF879192ACD865E00D26ED8 /* LoginView.swift */ = {isa = PBXFileReference; fileEncoding = 4; lastKnownFileType = sourcecode.swift; path = LoginView.swift; sourceTree = "<group>"; };
		6FF8791D2ACD86AF00D26ED8 /* ContentView.swift */ = {isa = PBXFileReference; lastKnownFileType = sourcecode.swift; path = ContentView.swift; sourceTree = "<group>"; };
		6FF8791F2ACD8B1300D26ED8 /* HomeScreenView.swift */ = {isa = PBXFileReference; lastKnownFileType = sourcecode.swift; path = HomeScreenView.swift; sourceTree = "<group>"; };
		6FF879212ACD8B9700D26ED8 /* GroupsView.swift */ = {isa = PBXFileReference; lastKnownFileType = sourcecode.swift; path = GroupsView.swift; sourceTree = "<group>"; };
		6FF879242ACD98CC00D26ED8 /* UsersModel.swift */ = {isa = PBXFileReference; lastKnownFileType = sourcecode.swift; path = UsersModel.swift; sourceTree = "<group>"; };
		6FF879262ACDC7B700D26ED8 /* GroupTimer.swift */ = {isa = PBXFileReference; lastKnownFileType = sourcecode.swift; path = GroupTimer.swift; sourceTree = "<group>"; };
		6FF879282ACEB0C600D26ED8 /* AddNewGroup.swift */ = {isa = PBXFileReference; lastKnownFileType = sourcecode.swift; path = AddNewGroup.swift; sourceTree = "<group>"; };
		6FF8792A2ACFB6E000D26ED8 /* LeaderboardView.swift */ = {isa = PBXFileReference; lastKnownFileType = sourcecode.swift; path = LeaderboardView.swift; sourceTree = "<group>"; };
		6FF8792C2ACFC7B200D26ED8 /* ExpertView.swift */ = {isa = PBXFileReference; lastKnownFileType = sourcecode.swift; path = ExpertView.swift; sourceTree = "<group>"; };
/* End PBXFileReference section */

/* Begin PBXFrameworksBuildPhase section */
		6FF878EF2ACD5BC000D26ED8 /* Frameworks */ = {
			isa = PBXFrameworksBuildPhase;
			buildActionMask = 2147483647;
			files = (
				6FF879112ACD851D00D26ED8 /* FirebaseFirestoreSwift in Frameworks */,
				6FF8790D2ACD851D00D26ED8 /* FirebaseDatabaseSwift in Frameworks */,
				6FF8790F2ACD851D00D26ED8 /* FirebaseFirestore in Frameworks */,
				6FF8790B2ACD851D00D26ED8 /* FirebaseDatabase in Frameworks */,
				6FF879092ACD851D00D26ED8 /* FirebaseAuth in Frameworks */,
				6FF879132ACD851D00D26ED8 /* FirebaseStorage in Frameworks */,
			);
			runOnlyForDeploymentPostprocessing = 0;
		};
/* End PBXFrameworksBuildPhase section */

/* Begin PBXGroup section */
		6FF878E92ACD5BC000D26ED8 = {
			isa = PBXGroup;
			children = (
				6FF878F42ACD5BC000D26ED8 /* timer */,
				6FF878F32ACD5BC000D26ED8 /* Products */,
			);
			sourceTree = "<group>";
		};
		6FF878F32ACD5BC000D26ED8 /* Products */ = {
			isa = PBXGroup;
			children = (
				6FF878F22ACD5BC000D26ED8 /* timer.app */,
			);
			name = Products;
			sourceTree = "<group>";
		};
		6FF878F42ACD5BC000D26ED8 /* timer */ = {
			isa = PBXGroup;
			children = (
				6FF878F52ACD5BC000D26ED8 /* timerApp.swift */,
				6FF878F72ACD5BC000D26ED8 /* TimerView.swift */,
				6FF8792C2ACFC7B200D26ED8 /* ExpertView.swift */,
				6FF8791F2ACD8B1300D26ED8 /* HomeScreenView.swift */,
				6FF879212ACD8B9700D26ED8 /* GroupsView.swift */,
				6FF879282ACEB0C600D26ED8 /* AddNewGroup.swift */,
				6FF8792A2ACFB6E000D26ED8 /* LeaderboardView.swift */,
				6FF879262ACDC7B700D26ED8 /* GroupTimer.swift */,
				6FF8791D2ACD86AF00D26ED8 /* ContentView.swift */,
				6FF879232ACD98BA00D26ED8 /* Users */,
				6FF879142ACD865E00D26ED8 /* Authentication */,
				6FF879052ACD84D300D26ED8 /* GoogleService-Info.plist */,
				6FF878F92ACD5BC100D26ED8 /* Assets.xcassets */,
				6FF878FB2ACD5BC100D26ED8 /* Preview Content */,
			);
			path = timer;
			sourceTree = "<group>";
		};
		6FF878FB2ACD5BC100D26ED8 /* Preview Content */ = {
			isa = PBXGroup;
			children = (
				6FF878FC2ACD5BC100D26ED8 /* Preview Assets.xcassets */,
			);
			path = "Preview Content";
			sourceTree = "<group>";
		};
		6FF879142ACD865E00D26ED8 /* Authentication */ = {
			isa = PBXGroup;
			children = (
				6FF879152ACD865E00D26ED8 /* ViewModel */,
				6FF879172ACD865E00D26ED8 /* View */,
			);
			path = Authentication;
			sourceTree = "<group>";
		};
		6FF879152ACD865E00D26ED8 /* ViewModel */ = {
			isa = PBXGroup;
			children = (
				6FF879162ACD865E00D26ED8 /* AuthViewModel.swift */,
			);
			path = ViewModel;
			sourceTree = "<group>";
		};
		6FF879172ACD865E00D26ED8 /* View */ = {
			isa = PBXGroup;
			children = (
				6FF879182ACD865E00D26ED8 /* RegistrationView.swift */,
				6FF879192ACD865E00D26ED8 /* LoginView.swift */,
			);
			path = View;
			sourceTree = "<group>";
		};
		6FF879232ACD98BA00D26ED8 /* Users */ = {
			isa = PBXGroup;
			children = (
				6FF879242ACD98CC00D26ED8 /* UsersModel.swift */,
			);
			path = Users;
			sourceTree = "<group>";
		};
/* End PBXGroup section */

/* Begin PBXNativeTarget section */
		6FF878F12ACD5BC000D26ED8 /* timer */ = {
			isa = PBXNativeTarget;
			buildConfigurationList = 6FF879002ACD5BC100D26ED8 /* Build configuration list for PBXNativeTarget "timer" */;
			buildPhases = (
				6FF878EE2ACD5BC000D26ED8 /* Sources */,
				6FF878EF2ACD5BC000D26ED8 /* Frameworks */,
				6FF878F02ACD5BC000D26ED8 /* Resources */,
			);
			buildRules = (
			);
			dependencies = (
			);
			name = timer;
			packageProductDependencies = (
				6FF879082ACD851D00D26ED8 /* FirebaseAuth */,
				6FF8790A2ACD851D00D26ED8 /* FirebaseDatabase */,
				6FF8790C2ACD851D00D26ED8 /* FirebaseDatabaseSwift */,
				6FF8790E2ACD851D00D26ED8 /* FirebaseFirestore */,
				6FF879102ACD851D00D26ED8 /* FirebaseFirestoreSwift */,
				6FF879122ACD851D00D26ED8 /* FirebaseStorage */,
			);
			productName = timer;
			productReference = 6FF878F22ACD5BC000D26ED8 /* timer.app */;
			productType = "com.apple.product-type.application";
		};
/* End PBXNativeTarget section */

/* Begin PBXProject section */
		6FF878EA2ACD5BC000D26ED8 /* Project object */ = {
			isa = PBXProject;
			attributes = {
				BuildIndependentTargetsInParallel = 1;
				LastSwiftUpdateCheck = 1430;
				LastUpgradeCheck = 1430;
				TargetAttributes = {
					6FF878F12ACD5BC000D26ED8 = {
						CreatedOnToolsVersion = 14.3.1;
					};
				};
			};
			buildConfigurationList = 6FF878ED2ACD5BC000D26ED8 /* Build configuration list for PBXProject "timer" */;
			compatibilityVersion = "Xcode 14.0";
			developmentRegion = en;
			hasScannedForEncodings = 0;
			knownRegions = (
				en,
				Base,
			);
			mainGroup = 6FF878E92ACD5BC000D26ED8;
			packageReferences = (
				6FF879072ACD851D00D26ED8 /* XCRemoteSwiftPackageReference "firebase-ios-sdk" */,
			);
			productRefGroup = 6FF878F32ACD5BC000D26ED8 /* Products */;
			projectDirPath = "";
			projectRoot = "";
			targets = (
				6FF878F12ACD5BC000D26ED8 /* timer */,
			);
		};
/* End PBXProject section */

/* Begin PBXResourcesBuildPhase section */
		6FF878F02ACD5BC000D26ED8 /* Resources */ = {
			isa = PBXResourcesBuildPhase;
			buildActionMask = 2147483647;
			files = (
				6FF878FD2ACD5BC100D26ED8 /* Preview Assets.xcassets in Resources */,
				6FF879062ACD84D300D26ED8 /* GoogleService-Info.plist in Resources */,
				6FF878FA2ACD5BC100D26ED8 /* Assets.xcassets in Resources */,
			);
			runOnlyForDeploymentPostprocessing = 0;
		};
/* End PBXResourcesBuildPhase section */

/* Begin PBXSourcesBuildPhase section */
		6FF878EE2ACD5BC000D26ED8 /* Sources */ = {
			isa = PBXSourcesBuildPhase;
			buildActionMask = 2147483647;
			files = (
				6FF879292ACEB0C600D26ED8 /* AddNewGroup.swift in Sources */,
				6FF8791E2ACD86AF00D26ED8 /* ContentView.swift in Sources */,
				6FF8791C2ACD865E00D26ED8 /* LoginView.swift in Sources */,
				6FF8791A2ACD865E00D26ED8 /* AuthViewModel.swift in Sources */,
				6FF8792B2ACFB6E000D26ED8 /* LeaderboardView.swift in Sources */,
				6FF878F82ACD5BC000D26ED8 /* TimerView.swift in Sources */,
				6FF8792D2ACFC7B200D26ED8 /* ExpertView.swift in Sources */,
				6FF878F62ACD5BC000D26ED8 /* timerApp.swift in Sources */,
				6FF879272ACDC7B700D26ED8 /* GroupTimer.swift in Sources */,
				6FF879202ACD8B1300D26ED8 /* HomeScreenView.swift in Sources */,
				6FF879222ACD8B9700D26ED8 /* GroupsView.swift in Sources */,
				6FF8791B2ACD865E00D26ED8 /* RegistrationView.swift in Sources */,
				6FF879252ACD98CC00D26ED8 /* UsersModel.swift in Sources */,
			);
			runOnlyForDeploymentPostprocessing = 0;
		};
/* End PBXSourcesBuildPhase section */

/* Begin XCBuildConfiguration section */
		6FF878FE2ACD5BC100D26ED8 /* Debug */ = {
			isa = XCBuildConfiguration;
			buildSettings = {
				ALWAYS_SEARCH_USER_PATHS = NO;
				CLANG_ANALYZER_NONNULL = YES;
				CLANG_ANALYZER_NUMBER_OBJECT_CONVERSION = YES_AGGRESSIVE;
				CLANG_CXX_LANGUAGE_STANDARD = "gnu++20";
				CLANG_ENABLE_MODULES = YES;
				CLANG_ENABLE_OBJC_ARC = YES;
				CLANG_ENABLE_OBJC_WEAK = YES;
				CLANG_WARN_BLOCK_CAPTURE_AUTORELEASING = YES;
				CLANG_WARN_BOOL_CONVERSION = YES;
				CLANG_WARN_COMMA = YES;
				CLANG_WARN_CONSTANT_CONVERSION = YES;
				CLANG_WARN_DEPRECATED_OBJC_IMPLEMENTATIONS = YES;
				CLANG_WARN_DIRECT_OBJC_ISA_USAGE = YES_ERROR;
				CLANG_WARN_DOCUMENTATION_COMMENTS = YES;
				CLANG_WARN_EMPTY_BODY = YES;
				CLANG_WARN_ENUM_CONVERSION = YES;
				CLANG_WARN_INFINITE_RECURSION = YES;
				CLANG_WARN_INT_CONVERSION = YES;
				CLANG_WARN_NON_LITERAL_NULL_CONVERSION = YES;
				CLANG_WARN_OBJC_IMPLICIT_RETAIN_SELF = YES;
				CLANG_WARN_OBJC_LITERAL_CONVERSION = YES;
				CLANG_WARN_OBJC_ROOT_CLASS = YES_ERROR;
				CLANG_WARN_QUOTED_INCLUDE_IN_FRAMEWORK_HEADER = YES;
				CLANG_WARN_RANGE_LOOP_ANALYSIS = YES;
				CLANG_WARN_STRICT_PROTOTYPES = YES;
				CLANG_WARN_SUSPICIOUS_MOVE = YES;
				CLANG_WARN_UNGUARDED_AVAILABILITY = YES_AGGRESSIVE;
				CLANG_WARN_UNREACHABLE_CODE = YES;
				CLANG_WARN__DUPLICATE_METHOD_MATCH = YES;
				COPY_PHASE_STRIP = NO;
				DEBUG_INFORMATION_FORMAT = dwarf;
				ENABLE_STRICT_OBJC_MSGSEND = YES;
				ENABLE_TESTABILITY = YES;
				GCC_C_LANGUAGE_STANDARD = gnu11;
				GCC_DYNAMIC_NO_PIC = NO;
				GCC_NO_COMMON_BLOCKS = YES;
				GCC_OPTIMIZATION_LEVEL = 0;
				GCC_PREPROCESSOR_DEFINITIONS = (
					"DEBUG=1",
					"$(inherited)",
				);
				GCC_WARN_64_TO_32_BIT_CONVERSION = YES;
				GCC_WARN_ABOUT_RETURN_TYPE = YES_ERROR;
				GCC_WARN_UNDECLARED_SELECTOR = YES;
				GCC_WARN_UNINITIALIZED_AUTOS = YES_AGGRESSIVE;
				GCC_WARN_UNUSED_FUNCTION = YES;
				GCC_WARN_UNUSED_VARIABLE = YES;
				IPHONEOS_DEPLOYMENT_TARGET = 16.4;
				MTL_ENABLE_DEBUG_INFO = INCLUDE_SOURCE;
				MTL_FAST_MATH = YES;
				ONLY_ACTIVE_ARCH = YES;
				SDKROOT = iphoneos;
				SWIFT_ACTIVE_COMPILATION_CONDITIONS = DEBUG;
				SWIFT_OPTIMIZATION_LEVEL = "-Onone";
			};
			name = Debug;
		};
		6FF878FF2ACD5BC100D26ED8 /* Release */ = {
			isa = XCBuildConfiguration;
			buildSettings = {
				ALWAYS_SEARCH_USER_PATHS = NO;
				CLANG_ANALYZER_NONNULL = YES;
				CLANG_ANALYZER_NUMBER_OBJECT_CONVERSION = YES_AGGRESSIVE;
				CLANG_CXX_LANGUAGE_STANDARD = "gnu++20";
				CLANG_ENABLE_MODULES = YES;
				CLANG_ENABLE_OBJC_ARC = YES;
				CLANG_ENABLE_OBJC_WEAK = YES;
				CLANG_WARN_BLOCK_CAPTURE_AUTORELEASING = YES;
				CLANG_WARN_BOOL_CONVERSION = YES;
				CLANG_WARN_COMMA = YES;
				CLANG_WARN_CONSTANT_CONVERSION = YES;
				CLANG_WARN_DEPRECATED_OBJC_IMPLEMENTATIONS = YES;
				CLANG_WARN_DIRECT_OBJC_ISA_USAGE = YES_ERROR;
				CLANG_WARN_DOCUMENTATION_COMMENTS = YES;
				CLANG_WARN_EMPTY_BODY = YES;
				CLANG_WARN_ENUM_CONVERSION = YES;
				CLANG_WARN_INFINITE_RECURSION = YES;
				CLANG_WARN_INT_CONVERSION = YES;
				CLANG_WARN_NON_LITERAL_NULL_CONVERSION = YES;
				CLANG_WARN_OBJC_IMPLICIT_RETAIN_SELF = YES;
				CLANG_WARN_OBJC_LITERAL_CONVERSION = YES;
				CLANG_WARN_OBJC_ROOT_CLASS = YES_ERROR;
				CLANG_WARN_QUOTED_INCLUDE_IN_FRAMEWORK_HEADER = YES;
				CLANG_WARN_RANGE_LOOP_ANALYSIS = YES;
				CLANG_WARN_STRICT_PROTOTYPES = YES;
				CLANG_WARN_SUSPICIOUS_MOVE = YES;
				CLANG_WARN_UNGUARDED_AVAILABILITY = YES_AGGRESSIVE;
				CLANG_WARN_UNREACHABLE_CODE = YES;
				CLANG_WARN__DUPLICATE_METHOD_MATCH = YES;
				COPY_PHASE_STRIP = NO;
				DEBUG_INFORMATION_FORMAT = "dwarf-with-dsym";
				ENABLE_NS_ASSERTIONS = NO;
				ENABLE_STRICT_OBJC_MSGSEND = YES;
				GCC_C_LANGUAGE_STANDARD = gnu11;
				GCC_NO_COMMON_BLOCKS = YES;
				GCC_WARN_64_TO_32_BIT_CONVERSION = YES;
				GCC_WARN_ABOUT_RETURN_TYPE = YES_ERROR;
				GCC_WARN_UNDECLARED_SELECTOR = YES;
				GCC_WARN_UNINITIALIZED_AUTOS = YES_AGGRESSIVE;
				GCC_WARN_UNUSED_FUNCTION = YES;
				GCC_WARN_UNUSED_VARIABLE = YES;
				IPHONEOS_DEPLOYMENT_TARGET = 16.4;
				MTL_ENABLE_DEBUG_INFO = NO;
				MTL_FAST_MATH = YES;
				SDKROOT = iphoneos;
				SWIFT_COMPILATION_MODE = wholemodule;
				SWIFT_OPTIMIZATION_LEVEL = "-O";
				VALIDATE_PRODUCT = YES;
			};
			name = Release;
		};
		6FF879012ACD5BC100D26ED8 /* Debug */ = {
			isa = XCBuildConfiguration;
			buildSettings = {
				ASSETCATALOG_COMPILER_APPICON_NAME = AppIcon;
				ASSETCATALOG_COMPILER_GLOBAL_ACCENT_COLOR_NAME = AccentColor;
				CODE_SIGN_STYLE = Automatic;
				CURRENT_PROJECT_VERSION = 1;
				DEVELOPMENT_ASSET_PATHS = "\"timer/Preview Content\"";
				DEVELOPMENT_TEAM = J8S9X52T32;
				ENABLE_PREVIEWS = YES;
				GENERATE_INFOPLIST_FILE = YES;
				INFOPLIST_KEY_UIApplicationSceneManifest_Generation = YES;
				INFOPLIST_KEY_UIApplicationSupportsIndirectInputEvents = YES;
				INFOPLIST_KEY_UILaunchScreen_Generation = YES;
				INFOPLIST_KEY_UISupportedInterfaceOrientations_iPad = "UIInterfaceOrientationPortrait UIInterfaceOrientationPortraitUpsideDown UIInterfaceOrientationLandscapeLeft UIInterfaceOrientationLandscapeRight";
				INFOPLIST_KEY_UISupportedInterfaceOrientations_iPhone = "UIInterfaceOrientationPortrait UIInterfaceOrientationLandscapeLeft UIInterfaceOrientationLandscapeRight";
				LD_RUNPATH_SEARCH_PATHS = (
					"$(inherited)",
					"@executable_path/Frameworks",
				);
				MARKETING_VERSION = 1.0;
				PRODUCT_BUNDLE_IDENTIFIER = com.aarish.timer;
				PRODUCT_NAME = "$(TARGET_NAME)";
				SWIFT_EMIT_LOC_STRINGS = YES;
				SWIFT_VERSION = 5.0;
				TARGETED_DEVICE_FAMILY = "1,2";
			};
			name = Debug;
		};
		6FF879022ACD5BC100D26ED8 /* Release */ = {
			isa = XCBuildConfiguration;
			buildSettings = {
				ASSETCATALOG_COMPILER_APPICON_NAME = AppIcon;
				ASSETCATALOG_COMPILER_GLOBAL_ACCENT_COLOR_NAME = AccentColor;
				CODE_SIGN_STYLE = Automatic;
				CURRENT_PROJECT_VERSION = 1;
				DEVELOPMENT_ASSET_PATHS = "\"timer/Preview Content\"";
				DEVELOPMENT_TEAM = J8S9X52T32;
				ENABLE_PREVIEWS = YES;
				GENERATE_INFOPLIST_FILE = YES;
				INFOPLIST_KEY_UIApplicationSceneManifest_Generation = YES;
				INFOPLIST_KEY_UIApplicationSupportsIndirectInputEvents = YES;
				INFOPLIST_KEY_UILaunchScreen_Generation = YES;
				INFOPLIST_KEY_UISupportedInterfaceOrientations_iPad = "UIInterfaceOrientationPortrait UIInterfaceOrientationPortraitUpsideDown UIInterfaceOrientationLandscapeLeft UIInterfaceOrientationLandscapeRight";
				INFOPLIST_KEY_UISupportedInterfaceOrientations_iPhone = "UIInterfaceOrientationPortrait UIInterfaceOrientationLandscapeLeft UIInterfaceOrientationLandscapeRight";
				LD_RUNPATH_SEARCH_PATHS = (
					"$(inherited)",
					"@executable_path/Frameworks",
				);
				MARKETING_VERSION = 1.0;
				PRODUCT_BUNDLE_IDENTIFIER = com.aarish.timer;
				PRODUCT_NAME = "$(TARGET_NAME)";
				SWIFT_EMIT_LOC_STRINGS = YES;
				SWIFT_VERSION = 5.0;
				TARGETED_DEVICE_FAMILY = "1,2";
			};
			name = Release;
		};
/* End XCBuildConfiguration section */

/* Begin XCConfigurationList section */
		6FF878ED2ACD5BC000D26ED8 /* Build configuration list for PBXProject "timer" */ = {
			isa = XCConfigurationList;
			buildConfigurations = (
				6FF878FE2ACD5BC100D26ED8 /* Debug */,
				6FF878FF2ACD5BC100D26ED8 /* Release */,
			);
			defaultConfigurationIsVisible = 0;
			defaultConfigurationName = Release;
		};
		6FF879002ACD5BC100D26ED8 /* Build configuration list for PBXNativeTarget "timer" */ = {
			isa = XCConfigurationList;
			buildConfigurations = (
				6FF879012ACD5BC100D26ED8 /* Debug */,
				6FF879022ACD5BC100D26ED8 /* Release */,
			);
			defaultConfigurationIsVisible = 0;
			defaultConfigurationName = Release;
		};
/* End XCConfigurationList section */

/* Begin XCRemoteSwiftPackageReference section */
		6FF879072ACD851D00D26ED8 /* XCRemoteSwiftPackageReference "firebase-ios-sdk" */ = {
			isa = XCRemoteSwiftPackageReference;
			repositoryURL = "https://github.com/firebase/firebase-ios-sdk";
			requirement = {
				kind = upToNextMajorVersion;
				minimumVersion = 10.0.0;
			};
		};
/* End XCRemoteSwiftPackageReference section */

/* Begin XCSwiftPackageProductDependency section */
		6FF879082ACD851D00D26ED8 /* FirebaseAuth */ = {
			isa = XCSwiftPackageProductDependency;
			package = 6FF879072ACD851D00D26ED8 /* XCRemoteSwiftPackageReference "firebase-ios-sdk" */;
			productName = FirebaseAuth;
		};
		6FF8790A2ACD851D00D26ED8 /* FirebaseDatabase */ = {
			isa = XCSwiftPackageProductDependency;
			package = 6FF879072ACD851D00D26ED8 /* XCRemoteSwiftPackageReference "firebase-ios-sdk" */;
			productName = FirebaseDatabase;
		};
		6FF8790C2ACD851D00D26ED8 /* FirebaseDatabaseSwift */ = {
			isa = XCSwiftPackageProductDependency;
			package = 6FF879072ACD851D00D26ED8 /* XCRemoteSwiftPackageReference "firebase-ios-sdk" */;
			productName = FirebaseDatabaseSwift;
		};
		6FF8790E2ACD851D00D26ED8 /* FirebaseFirestore */ = {
			isa = XCSwiftPackageProductDependency;
			package = 6FF879072ACD851D00D26ED8 /* XCRemoteSwiftPackageReference "firebase-ios-sdk" */;
			productName = FirebaseFirestore;
		};
		6FF879102ACD851D00D26ED8 /* FirebaseFirestoreSwift */ = {
			isa = XCSwiftPackageProductDependency;
			package = 6FF879072ACD851D00D26ED8 /* XCRemoteSwiftPackageReference "firebase-ios-sdk" */;
			productName = FirebaseFirestoreSwift;
		};
		6FF879122ACD851D00D26ED8 /* FirebaseStorage */ = {
			isa = XCSwiftPackageProductDependency;
			package = 6FF879072ACD851D00D26ED8 /* XCRemoteSwiftPackageReference "firebase-ios-sdk" */;
			productName = FirebaseStorage;
		};
/* End XCSwiftPackageProductDependency section */
	};
	rootObject = 6FF878EA2ACD5BC000D26ED8 /* Project object */;
}
